// !$*UTF8*$!
{
	archiveVersion = 1;
	classes = {
	};
	objectVersion = 56;
	objects = {

/* Begin PBXBuildFile section */
		81B72C592BB68AB500077AAC /* AppDelegate.swift in Sources */ = {isa = PBXBuildFile; fileRef = 81B72C582BB68AB500077AAC /* AppDelegate.swift */; };
		81B72C5B2BB68AB500077AAC /* SceneDelegate.swift in Sources */ = {isa = PBXBuildFile; fileRef = 81B72C5A2BB68AB500077AAC /* SceneDelegate.swift */; };
		81B72C5D2BB68AB500077AAC /* ViewController.swift in Sources */ = {isa = PBXBuildFile; fileRef = 81B72C5C2BB68AB500077AAC /* ViewController.swift */; };
		81B72C602BB68AB500077AAC /* Main.storyboard in Resources */ = {isa = PBXBuildFile; fileRef = 81B72C5E2BB68AB500077AAC /* Main.storyboard */; };
		81B72C622BB68AB700077AAC /* Assets.xcassets in Resources */ = {isa = PBXBuildFile; fileRef = 81B72C612BB68AB700077AAC /* Assets.xcassets */; };
		81B72C652BB68AB700077AAC /* LaunchScreen.storyboard in Resources */ = {isa = PBXBuildFile; fileRef = 81B72C632BB68AB700077AAC /* LaunchScreen.storyboard */; };
		81B72C702BB68AB700077AAC /* demofirstgitprojTests.swift in Sources */ = {isa = PBXBuildFile; fileRef = 81B72C6F2BB68AB700077AAC /* demofirstgitprojTests.swift */; };
		81B72C7A2BB68AB700077AAC /* demofirstgitprojUITests.swift in Sources */ = {isa = PBXBuildFile; fileRef = 81B72C792BB68AB700077AAC /* demofirstgitprojUITests.swift */; };
		81B72C7C2BB68AB700077AAC /* demofirstgitprojUITestsLaunchTests.swift in Sources */ = {isa = PBXBuildFile; fileRef = 81B72C7B2BB68AB700077AAC /* demofirstgitprojUITestsLaunchTests.swift */; };
/* End PBXBuildFile section */

/* Begin PBXContainerItemProxy section */
		81B72C6C2BB68AB700077AAC /* PBXContainerItemProxy */ = {
			isa = PBXContainerItemProxy;
			containerPortal = 81B72C4D2BB68AB500077AAC /* Project object */;
			proxyType = 1;
			remoteGlobalIDString = 81B72C542BB68AB500077AAC;
			remoteInfo = demofirstgitproj;
		};
		81B72C762BB68AB700077AAC /* PBXContainerItemProxy */ = {
			isa = PBXContainerItemProxy;
			containerPortal = 81B72C4D2BB68AB500077AAC /* Project object */;
			proxyType = 1;
			remoteGlobalIDString = 81B72C542BB68AB500077AAC;
			remoteInfo = demofirstgitproj;
		};
/* End PBXContainerItemProxy section */

/* Begin PBXFileReference section */
		81B72C552BB68AB500077AAC /* demofirstgitproj.app */ = {isa = PBXFileReference; explicitFileType = wrapper.application; includeInIndex = 0; path = demofirstgitproj.app; sourceTree = BUILT_PRODUCTS_DIR; };
		81B72C582BB68AB500077AAC /* AppDelegate.swift */ = {isa = PBXFileReference; lastKnownFileType = sourcecode.swift; path = AppDelegate.swift; sourceTree = "<group>"; };
		81B72C5A2BB68AB500077AAC /* SceneDelegate.swift */ = {isa = PBXFileReference; lastKnownFileType = sourcecode.swift; path = SceneDelegate.swift; sourceTree = "<group>"; };
		81B72C5C2BB68AB500077AAC /* ViewController.swift */ = {isa = PBXFileReference; lastKnownFileType = sourcecode.swift; path = ViewController.swift; sourceTree = "<group>"; };
		81B72C5F2BB68AB500077AAC /* Base */ = {isa = PBXFileReference; lastKnownFileType = file.storyboard; name = Base; path = Base.lproj/Main.storyboard; sourceTree = "<group>"; };
		81B72C612BB68AB700077AAC /* Assets.xcassets */ = {isa = PBXFileReference; lastKnownFileType = folder.assetcatalog; path = Assets.xcassets; sourceTree = "<group>"; };
		81B72C642BB68AB700077AAC /* Base */ = {isa = PBXFileReference; lastKnownFileType = file.storyboard; name = Base; path = Base.lproj/LaunchScreen.storyboard; sourceTree = "<group>"; };
		81B72C662BB68AB700077AAC /* Info.plist */ = {isa = PBXFileReference; lastKnownFileType = text.plist.xml; path = Info.plist; sourceTree = "<group>"; };
		81B72C6B2BB68AB700077AAC /* demofirstgitprojTests.xctest */ = {isa = PBXFileReference; explicitFileType = wrapper.cfbundle; includeInIndex = 0; path = demofirstgitprojTests.xctest; sourceTree = BUILT_PRODUCTS_DIR; };
		81B72C6F2BB68AB700077AAC /* demofirstgitprojTests.swift */ = {isa = PBXFileReference; lastKnownFileType = sourcecode.swift; path = demofirstgitprojTests.swift; sourceTree = "<group>"; };
		81B72C752BB68AB700077AAC /* demofirstgitprojUITests.xctest */ = {isa = PBXFileReference; explicitFileType = wrapper.cfbundle; includeInIndex = 0; path = demofirstgitprojUITests.xctest; sourceTree = BUILT_PRODUCTS_DIR; };
		81B72C792BB68AB700077AAC /* demofirstgitprojUITests.swift */ = {isa = PBXFileReference; lastKnownFileType = sourcecode.swift; path = demofirstgitprojUITests.swift; sourceTree = "<group>"; };
		81B72C7B2BB68AB700077AAC /* demofirstgitprojUITestsLaunchTests.swift */ = {isa = PBXFileReference; lastKnownFileType = sourcecode.swift; path = demofirstgitprojUITestsLaunchTests.swift; sourceTree = "<group>"; };
/* End PBXFileReference section */

/* Begin PBXFrameworksBuildPhase section */
		81B72C522BB68AB500077AAC /* Frameworks */ = {
			isa = PBXFrameworksBuildPhase;
			buildActionMask = 2147483647;
			files = (
			);
			runOnlyForDeploymentPostprocessing = 0;
		};
		81B72C682BB68AB700077AAC /* Frameworks */ = {
			isa = PBXFrameworksBuildPhase;
			buildActionMask = 2147483647;
			files = (
			);
			runOnlyForDeploymentPostprocessing = 0;
		};
		81B72C722BB68AB700077AAC /* Frameworks */ = {
			isa = PBXFrameworksBuildPhase;
			buildActionMask = 2147483647;
			files = (
			);
			runOnlyForDeploymentPostprocessing = 0;
		};
/* End PBXFrameworksBuildPhase section */

/* Begin PBXGroup section */
		81B72C4C2BB68AB500077AAC = {
			isa = PBXGroup;
			children = (
				81B72C572BB68AB500077AAC /* demofirstgitproj */,
				81B72C6E2BB68AB700077AAC /* demofirstgitprojTests */,
				81B72C782BB68AB700077AAC /* demofirstgitprojUITests */,
				81B72C562BB68AB500077AAC /* Products */,
			);
			sourceTree = "<group>";
		};
		81B72C562BB68AB500077AAC /* Products */ = {
			isa = PBXGroup;
			children = (
				81B72C552BB68AB500077AAC /* demofirstgitproj.app */,
				81B72C6B2BB68AB700077AAC /* demofirstgitprojTests.xctest */,
				81B72C752BB68AB700077AAC /* demofirstgitprojUITests.xctest */,
			);
			name = Products;
			sourceTree = "<group>";
		};
		81B72C572BB68AB500077AAC /* demofirstgitproj */ = {
			isa = PBXGroup;
			children = (
				81B72C582BB68AB500077AAC /* AppDelegate.swift */,
				81B72C5A2BB68AB500077AAC /* SceneDelegate.swift */,
				81B72C5C2BB68AB500077AAC /* ViewController.swift */,
				81B72C5E2BB68AB500077AAC /* Main.storyboard */,
				81B72C612BB68AB700077AAC /* Assets.xcassets */,
				81B72C632BB68AB700077AAC /* LaunchScreen.storyboard */,
				81B72C662BB68AB700077AAC /* Info.plist */,
			);
			path = demofirstgitproj;
			sourceTree = "<group>";
		};
		81B72C6E2BB68AB700077AAC /* demofirstgitprojTests */ = {
			isa = PBXGroup;
			children = (
				81B72C6F2BB68AB700077AAC /* demofirstgitprojTests.swift */,
			);
			path = demofirstgitprojTests;
			sourceTree = "<group>";
		};
		81B72C782BB68AB700077AAC /* demofirstgitprojUITests */ = {
			isa = PBXGroup;
			children = (
				81B72C792BB68AB700077AAC /* demofirstgitprojUITests.swift */,
				81B72C7B2BB68AB700077AAC /* demofirstgitprojUITestsLaunchTests.swift */,
			);
			path = demofirstgitprojUITests;
			sourceTree = "<group>";
		};
/* End PBXGroup section */

/* Begin PBXNativeTarget section */
		81B72C542BB68AB500077AAC /* demofirstgitproj */ = {
			isa = PBXNativeTarget;
			buildConfigurationList = 81B72C7F2BB68AB700077AAC /* Build configuration list for PBXNativeTarget "demofirstgitproj" */;
			buildPhases = (
				81B72C512BB68AB500077AAC /* Sources */,
				81B72C522BB68AB500077AAC /* Frameworks */,
				81B72C532BB68AB500077AAC /* Resources */,
			);
			buildRules = (
			);
			dependencies = (
			);
			name = demofirstgitproj;
			productName = demofirstgitproj;
			productReference = 81B72C552BB68AB500077AAC /* demofirstgitproj.app */;
			productType = "com.apple.product-type.application";
		};
		81B72C6A2BB68AB700077AAC /* demofirstgitprojTests */ = {
			isa = PBXNativeTarget;
			buildConfigurationList = 81B72C822BB68AB700077AAC /* Build configuration list for PBXNativeTarget "demofirstgitprojTests" */;
			buildPhases = (
				81B72C672BB68AB700077AAC /* Sources */,
				81B72C682BB68AB700077AAC /* Frameworks */,
				81B72C692BB68AB700077AAC /* Resources */,
			);
			buildRules = (
			);
			dependencies = (
				81B72C6D2BB68AB700077AAC /* PBXTargetDependency */,
			);
			name = demofirstgitprojTests;
			productName = demofirstgitprojTests;
			productReference = 81B72C6B2BB68AB700077AAC /* demofirstgitprojTests.xctest */;
			productType = "com.apple.product-type.bundle.unit-test";
		};
		81B72C742BB68AB700077AAC /* demofirstgitprojUITests */ = {
			isa = PBXNativeTarget;
			buildConfigurationList = 81B72C852BB68AB700077AAC /* Build configuration list for PBXNativeTarget "demofirstgitprojUITests" */;
			buildPhases = (
				81B72C712BB68AB700077AAC /* Sources */,
				81B72C722BB68AB700077AAC /* Frameworks */,
				81B72C732BB68AB700077AAC /* Resources */,
			);
			buildRules = (
			);
			dependencies = (
				81B72C772BB68AB700077AAC /* PBXTargetDependency */,
			);
			name = demofirstgitprojUITests;
			productName = demofirstgitprojUITests;
			productReference = 81B72C752BB68AB700077AAC /* demofirstgitprojUITests.xctest */;
			productType = "com.apple.product-type.bundle.ui-testing";
		};
/* End PBXNativeTarget section */

/* Begin PBXProject section */
		81B72C4D2BB68AB500077AAC /* Project object */ = {
			isa = PBXProject;
			attributes = {
				BuildIndependentTargetsInParallel = 1;
				LastSwiftUpdateCheck = 1520;
				LastUpgradeCheck = 1520;
				TargetAttributes = {
					81B72C542BB68AB500077AAC = {
						CreatedOnToolsVersion = 15.2;
					};
					81B72C6A2BB68AB700077AAC = {
						CreatedOnToolsVersion = 15.2;
						TestTargetID = 81B72C542BB68AB500077AAC;
					};
					81B72C742BB68AB700077AAC = {
						CreatedOnToolsVersion = 15.2;
						TestTargetID = 81B72C542BB68AB500077AAC;
					};
				};
			};
			buildConfigurationList = 81B72C502BB68AB500077AAC /* Build configuration list for PBXProject "demofirstgitproj" */;
			compatibilityVersion = "Xcode 14.0";
			developmentRegion = en;
			hasScannedForEncodings = 0;
			knownRegions = (
				en,
				Base,
			);
			mainGroup = 81B72C4C2BB68AB500077AAC;
			productRefGroup = 81B72C562BB68AB500077AAC /* Products */;
			projectDirPath = "";
			projectRoot = "";
			targets = (
				81B72C542BB68AB500077AAC /* demofirstgitproj */,
				81B72C6A2BB68AB700077AAC /* demofirstgitprojTests */,
				81B72C742BB68AB700077AAC /* demofirstgitprojUITests */,
			);
		};
/* End PBXProject section */

/* Begin PBXResourcesBuildPhase section */
		81B72C532BB68AB500077AAC /* Resources */ = {
			isa = PBXResourcesBuildPhase;
			buildActionMask = 2147483647;
			files = (
				81B72C652BB68AB700077AAC /* LaunchScreen.storyboard in Resources */,
				81B72C622BB68AB700077AAC /* Assets.xcassets in Resources */,
				81B72C602BB68AB500077AAC /* Main.storyboard in Resources */,
			);
			runOnlyForDeploymentPostprocessing = 0;
		};
		81B72C692BB68AB700077AAC /* Resources */ = {
			isa = PBXResourcesBuildPhase;
			buildActionMask = 2147483647;
			files = (
			);
			runOnlyForDeploymentPostprocessing = 0;
		};
		81B72C732BB68AB700077AAC /* Resources */ = {
			isa = PBXResourcesBuildPhase;
			buildActionMask = 2147483647;
			files = (
			);
			runOnlyForDeploymentPostprocessing = 0;
		};
/* End PBXResourcesBuildPhase section */

/* Begin PBXSourcesBuildPhase section */
		81B72C512BB68AB500077AAC /* Sources */ = {
			isa = PBXSourcesBuildPhase;
			buildActionMask = 2147483647;
			files = (
				81B72C5D2BB68AB500077AAC /* ViewController.swift in Sources */,
				81B72C592BB68AB500077AAC /* AppDelegate.swift in Sources */,
				81B72C5B2BB68AB500077AAC /* SceneDelegate.swift in Sources */,
			);
			runOnlyForDeploymentPostprocessing = 0;
		};
		81B72C672BB68AB700077AAC /* Sources */ = {
			isa = PBXSourcesBuildPhase;
			buildActionMask = 2147483647;
			files = (
				81B72C702BB68AB700077AAC /* demofirstgitprojTests.swift in Sources */,
			);
			runOnlyForDeploymentPostprocessing = 0;
		};
		81B72C712BB68AB700077AAC /* Sources */ = {
			isa = PBXSourcesBuildPhase;
			buildActionMask = 2147483647;
			files = (
				81B72C7C2BB68AB700077AAC /* demofirstgitprojUITestsLaunchTests.swift in Sources */,
				81B72C7A2BB68AB700077AAC /* demofirstgitprojUITests.swift in Sources */,
			);
			runOnlyForDeploymentPostprocessing = 0;
		};
/* End PBXSourcesBuildPhase section */

/* Begin PBXTargetDependency section */
		81B72C6D2BB68AB700077AAC /* PBXTargetDependency */ = {
			isa = PBXTargetDependency;
			target = 81B72C542BB68AB500077AAC /* demofirstgitproj */;
			targetProxy = 81B72C6C2BB68AB700077AAC /* PBXContainerItemProxy */;
		};
		81B72C772BB68AB700077AAC /* PBXTargetDependency */ = {
			isa = PBXTargetDependency;
			target = 81B72C542BB68AB500077AAC /* demofirstgitproj */;
			targetProxy = 81B72C762BB68AB700077AAC /* PBXContainerItemProxy */;
		};
/* End PBXTargetDependency section */

/* Begin PBXVariantGroup section */
		81B72C5E2BB68AB500077AAC /* Main.storyboard */ = {
			isa = PBXVariantGroup;
			children = (
				81B72C5F2BB68AB500077AAC /* Base */,
			);
			name = Main.storyboard;
			sourceTree = "<group>";
		};
		81B72C632BB68AB700077AAC /* LaunchScreen.storyboard */ = {
			isa = PBXVariantGroup;
			children = (
				81B72C642BB68AB700077AAC /* Base */,
			);
			name = LaunchScreen.storyboard;
			sourceTree = "<group>";
		};
/* End PBXVariantGroup section */

/* Begin XCBuildConfiguration section */
		81B72C7D2BB68AB700077AAC /* Debug */ = {
			isa = XCBuildConfiguration;
			buildSettings = {
				ALWAYS_SEARCH_USER_PATHS = NO;
				ASSETCATALOG_COMPILER_GENERATE_SWIFT_ASSET_SYMBOL_EXTENSIONS = YES;
				CLANG_ANALYZER_NONNULL = YES;
				CLANG_ANALYZER_NUMBER_OBJECT_CONVERSION = YES_AGGRESSIVE;
				CLANG_CXX_LANGUAGE_STANDARD = "gnu++20";
				CLANG_ENABLE_MODULES = YES;
				CLANG_ENABLE_OBJC_ARC = YES;
				CLANG_ENABLE_OBJC_WEAK = YES;
				CLANG_WARN_BLOCK_CAPTURE_AUTORELEASING = YES;
				CLANG_WARN_BOOL_CONVERSION = YES;
				CLANG_WARN_COMMA = YES;
				CLANG_WARN_CONSTANT_CONVERSION = YES;
				CLANG_WARN_DEPRECATED_OBJC_IMPLEMENTATIONS = YES;
				CLANG_WARN_DIRECT_OBJC_ISA_USAGE = YES_ERROR;
				CLANG_WARN_DOCUMENTATION_COMMENTS = YES;
				CLANG_WARN_EMPTY_BODY = YES;
				CLANG_WARN_ENUM_CONVERSION = YES;
				CLANG_WARN_INFINITE_RECURSION = YES;
				CLANG_WARN_INT_CONVERSION = YES;
				CLANG_WARN_NON_LITERAL_NULL_CONVERSION = YES;
				CLANG_WARN_OBJC_IMPLICIT_RETAIN_SELF = YES;
				CLANG_WARN_OBJC_LITERAL_CONVERSION = YES;
				CLANG_WARN_OBJC_ROOT_CLASS = YES_ERROR;
				CLANG_WARN_QUOTED_INCLUDE_IN_FRAMEWORK_HEADER = YES;
				CLANG_WARN_RANGE_LOOP_ANALYSIS = YES;
				CLANG_WARN_STRICT_PROTOTYPES = YES;
				CLANG_WARN_SUSPICIOUS_MOVE = YES;
				CLANG_WARN_UNGUARDED_AVAILABILITY = YES_AGGRESSIVE;
				CLANG_WARN_UNREACHABLE_CODE = YES;
				CLANG_WARN__DUPLICATE_METHOD_MATCH = YES;
				COPY_PHASE_STRIP = NO;
				DEBUG_INFORMATION_FORMAT = dwarf;
				ENABLE_STRICT_OBJC_MSGSEND = YES;
				ENABLE_TESTABILITY = YES;
				ENABLE_USER_SCRIPT_SANDBOXING = YES;
				GCC_C_LANGUAGE_STANDARD = gnu17;
				GCC_DYNAMIC_NO_PIC = NO;
				GCC_NO_COMMON_BLOCKS = YES;
				GCC_OPTIMIZATION_LEVEL = 0;
				GCC_PREPROCESSOR_DEFINITIONS = (
					"DEBUG=1",
					"$(inherited)",
				);
				GCC_WARN_64_TO_32_BIT_CONVERSION = YES;
				GCC_WARN_ABOUT_RETURN_TYPE = YES_ERROR;
				GCC_WARN_UNDECLARED_SELECTOR = YES;
				GCC_WARN_UNINITIALIZED_AUTOS = YES_AGGRESSIVE;
				GCC_WARN_UNUSED_FUNCTION = YES;
				GCC_WARN_UNUSED_VARIABLE = YES;
				IPHONEOS_DEPLOYMENT_TARGET = 17.2;
				LOCALIZATION_PREFERS_STRING_CATALOGS = YES;
				MTL_ENABLE_DEBUG_INFO = INCLUDE_SOURCE;
				MTL_FAST_MATH = YES;
				ONLY_ACTIVE_ARCH = YES;
				SDKROOT = iphoneos;
				SWIFT_ACTIVE_COMPILATION_CONDITIONS = "DEBUG $(inherited)";
				SWIFT_OPTIMIZATION_LEVEL = "-Onone";
			};
			name = Debug;
		};
		81B72C7E2BB68AB700077AAC /* Release */ = {
			isa = XCBuildConfiguration;
			buildSettings = {
				ALWAYS_SEARCH_USER_PATHS = NO;
				ASSETCATALOG_COMPILER_GENERATE_SWIFT_ASSET_SYMBOL_EXTENSIONS = YES;
				CLANG_ANALYZER_NONNULL = YES;
				CLANG_ANALYZER_NUMBER_OBJECT_CONVERSION = YES_AGGRESSIVE;
				CLANG_CXX_LANGUAGE_STANDARD = "gnu++20";
				CLANG_ENABLE_MODULES = YES;
				CLANG_ENABLE_OBJC_ARC = YES;
				CLANG_ENABLE_OBJC_WEAK = YES;
				CLANG_WARN_BLOCK_CAPTURE_AUTORELEASING = YES;
				CLANG_WARN_BOOL_CONVERSION = YES;
				CLANG_WARN_COMMA = YES;
				CLANG_WARN_CONSTANT_CONVERSION = YES;
				CLANG_WARN_DEPRECATED_OBJC_IMPLEMENTATIONS = YES;
				CLANG_WARN_DIRECT_OBJC_ISA_USAGE = YES_ERROR;
				CLANG_WARN_DOCUMENTATION_COMMENTS = YES;
				CLANG_WARN_EMPTY_BODY = YES;
				CLANG_WARN_ENUM_CONVERSION = YES;
				CLANG_WARN_INFINITE_RECURSION = YES;
				CLANG_WARN_INT_CONVERSION = YES;
				CLANG_WARN_NON_LITERAL_NULL_CONVERSION = YES;
				CLANG_WARN_OBJC_IMPLICIT_RETAIN_SELF = YES;
				CLANG_WARN_OBJC_LITERAL_CONVERSION = YES;
				CLANG_WARN_OBJC_ROOT_CLASS = YES_ERROR;
				CLANG_WARN_QUOTED_INCLUDE_IN_FRAMEWORK_HEADER = YES;
				CLANG_WARN_RANGE_LOOP_ANALYSIS = YES;
				CLANG_WARN_STRICT_PROTOTYPES = YES;
				CLANG_WARN_SUSPICIOUS_MOVE = YES;
				CLANG_WARN_UNGUARDED_AVAILABILITY = YES_AGGRESSIVE;
				CLANG_WARN_UNREACHABLE_CODE = YES;
				CLANG_WARN__DUPLICATE_METHOD_MATCH = YES;
				COPY_PHASE_STRIP = NO;
				DEBUG_INFORMATION_FORMAT = "dwarf-with-dsym";
				ENABLE_NS_ASSERTIONS = NO;
				ENABLE_STRICT_OBJC_MSGSEND = YES;
				ENABLE_USER_SCRIPT_SANDBOXING = YES;
				GCC_C_LANGUAGE_STANDARD = gnu17;
				GCC_NO_COMMON_BLOCKS = YES;
				GCC_WARN_64_TO_32_BIT_CONVERSION = YES;
				GCC_WARN_ABOUT_RETURN_TYPE = YES_ERROR;
				GCC_WARN_UNDECLARED_SELECTOR = YES;
				GCC_WARN_UNINITIALIZED_AUTOS = YES_AGGRESSIVE;
				GCC_WARN_UNUSED_FUNCTION = YES;
				GCC_WARN_UNUSED_VARIABLE = YES;
				IPHONEOS_DEPLOYMENT_TARGET = 17.2;
				LOCALIZATION_PREFERS_STRING_CATALOGS = YES;
				MTL_ENABLE_DEBUG_INFO = NO;
				MTL_FAST_MATH = YES;
				SDKROOT = iphoneos;
				SWIFT_COMPILATION_MODE = wholemodule;
				VALIDATE_PRODUCT = YES;
			};
			name = Release;
		};
		81B72C802BB68AB700077AAC /* Debug */ = {
			isa = XCBuildConfiguration;
			buildSettings = {
				ASSETCATALOG_COMPILER_APPICON_NAME = AppIcon;
				ASSETCATALOG_COMPILER_GLOBAL_ACCENT_COLOR_NAME = AccentColor;
				CODE_SIGN_STYLE = Automatic;
				CURRENT_PROJECT_VERSION = 1;
				DEVELOPMENT_TEAM = 949Z9G3EGK;
				GENERATE_INFOPLIST_FILE = YES;
				INFOPLIST_FILE = demofirstgitproj/Info.plist;
				INFOPLIST_KEY_UIApplicationSupportsIndirectInputEvents = YES;
				INFOPLIST_KEY_UILaunchStoryboardName = LaunchScreen;
				INFOPLIST_KEY_UIMainStoryboardFile = Main;
				INFOPLIST_KEY_UISupportedInterfaceOrientations_iPad = "UIInterfaceOrientationPortrait UIInterfaceOrientationPortraitUpsideDown UIInterfaceOrientationLandscapeLeft UIInterfaceOrientationLandscapeRight";
				INFOPLIST_KEY_UISupportedInterfaceOrientations_iPhone = "UIInterfaceOrientationPortrait UIInterfaceOrientationLandscapeLeft UIInterfaceOrientationLandscapeRight";
				LD_RUNPATH_SEARCH_PATHS = (
					"$(inherited)",
					"@executable_path/Frameworks",
				);
				MARKETING_VERSION = 1.0;
				PRODUCT_BUNDLE_IDENTIFIER = com.Al.FaceMaster.demofirstgitproj;
				PRODUCT_NAME = "$(TARGET_NAME)";
				SWIFT_EMIT_LOC_STRINGS = YES;
				SWIFT_VERSION = 5.0;
				TARGETED_DEVICE_FAMILY = "1,2";
			};
			name = Debug;
		};
		81B72C812BB68AB700077AAC /* Release */ = {
			isa = XCBuildConfiguration;
			buildSettings = {
				ASSETCATALOG_COMPILER_APPICON_NAME = AppIcon;
				ASSETCATALOG_COMPILER_GLOBAL_ACCENT_COLOR_NAME = AccentColor;
				CODE_SIGN_STYLE = Automatic;
				CURRENT_PROJECT_VERSION = 1;
				DEVELOPMENT_TEAM = 949Z9G3EGK;
				GENERATE_INFOPLIST_FILE = YES;
				INFOPLIST_FILE = demofirstgitproj/Info.plist;
				INFOPLIST_KEY_UIApplicationSupportsIndirectInputEvents = YES;
				INFOPLIST_KEY_UILaunchStoryboardName = LaunchScreen;
				INFOPLIST_KEY_UIMainStoryboardFile = Main;
				INFOPLIST_KEY_UISupportedInterfaceOrientations_iPad = "UIInterfaceOrientationPortrait UIInterfaceOrientationPortraitUpsideDown UIInterfaceOrientationLandscapeLeft UIInterfaceOrientationLandscapeRight";
				INFOPLIST_KEY_UISupportedInterfaceOrientations_iPhone = "UIInterfaceOrientationPortrait UIInterfaceOrientationLandscapeLeft UIInterfaceOrientationLandscapeRight";
				LD_RUNPATH_SEARCH_PATHS = (
					"$(inherited)",
					"@executable_path/Frameworks",
				);
				MARKETING_VERSION = 1.0;
				PRODUCT_BUNDLE_IDENTIFIER = com.Al.FaceMaster.demofirstgitproj;
				PRODUCT_NAME = "$(TARGET_NAME)";
				SWIFT_EMIT_LOC_STRINGS = YES;
				SWIFT_VERSION = 5.0;
				TARGETED_DEVICE_FAMILY = "1,2";
			};
			name = Release;
		};
		81B72C832BB68AB700077AAC /* Debug */ = {
			isa = XCBuildConfiguration;
			buildSettings = {
				ALWAYS_EMBED_SWIFT_STANDARD_LIBRARIES = YES;
				BUNDLE_LOADER = "$(TEST_HOST)";
				CODE_SIGN_STYLE = Automatic;
				CURRENT_PROJECT_VERSION = 1;
				DEVELOPMENT_TEAM = 949Z9G3EGK;
				GENERATE_INFOPLIST_FILE = YES;
				IPHONEOS_DEPLOYMENT_TARGET = 17.2;
				MARKETING_VERSION = 1.0;
				PRODUCT_BUNDLE_IDENTIFIER = com.Al.FaceMaster.demofirstgitprojTests;
				PRODUCT_NAME = "$(TARGET_NAME)";
				SWIFT_EMIT_LOC_STRINGS = NO;
				SWIFT_VERSION = 5.0;
				TARGETED_DEVICE_FAMILY = "1,2";
				TEST_HOST = "$(BUILT_PRODUCTS_DIR)/demofirstgitproj.app/$(BUNDLE_EXECUTABLE_FOLDER_PATH)/demofirstgitproj";
			};
			name = Debug;
		};
		81B72C842BB68AB700077AAC /* Release */ = {
			isa = XCBuildConfiguration;
			buildSettings = {
				ALWAYS_EMBED_SWIFT_STANDARD_LIBRARIES = YES;
				BUNDLE_LOADER = "$(TEST_HOST)";
				CODE_SIGN_STYLE = Automatic;
				CURRENT_PROJECT_VERSION = 1;
				DEVELOPMENT_TEAM = 949Z9G3EGK;
				GENERATE_INFOPLIST_FILE = YES;
				IPHONEOS_DEPLOYMENT_TARGET = 17.2;
				MARKETING_VERSION = 1.0;
				PRODUCT_BUNDLE_IDENTIFIER = com.Al.FaceMaster.demofirstgitprojTests;
				PRODUCT_NAME = "$(TARGET_NAME)";
				SWIFT_EMIT_LOC_STRINGS = NO;
				SWIFT_VERSION = 5.0;
				TARGETED_DEVICE_FAMILY = "1,2";
				TEST_HOST = "$(BUILT_PRODUCTS_DIR)/demofirstgitproj.app/$(BUNDLE_EXECUTABLE_FOLDER_PATH)/demofirstgitproj";
			};
			name = Release;
		};
		81B72C862BB68AB700077AAC /* Debug */ = {
			isa = XCBuildConfiguration;
			buildSettings = {
				ALWAYS_EMBED_SWIFT_STANDARD_LIBRARIES = YES;
				CODE_SIGN_STYLE = Automatic;
				CURRENT_PROJECT_VERSION = 1;
				DEVELOPMENT_TEAM = 949Z9G3EGK;
				GENERATE_INFOPLIST_FILE = YES;
				MARKETING_VERSION = 1.0;
				PRODUCT_BUNDLE_IDENTIFIER = com.Al.FaceMaster.demofirstgitprojUITests;
				PRODUCT_NAME = "$(TARGET_NAME)";
				SWIFT_EMIT_LOC_STRINGS = NO;
				SWIFT_VERSION = 5.0;
				TARGETED_DEVICE_FAMILY = "1,2";
				TEST_TARGET_NAME = demofirstgitproj;
			};
			name = Debug;
		};
		81B72C872BB68AB700077AAC /* Release */ = {
			isa = XCBuildConfiguration;
			buildSettings = {
				ALWAYS_EMBED_SWIFT_STANDARD_LIBRARIES = YES;
				CODE_SIGN_STYLE = Automatic;
				CURRENT_PROJECT_VERSION = 1;
				DEVELOPMENT_TEAM = 949Z9G3EGK;
				GENERATE_INFOPLIST_FILE = YES;
				MARKETING_VERSION = 1.0;
				PRODUCT_BUNDLE_IDENTIFIER = com.Al.FaceMaster.demofirstgitprojUITests;
				PRODUCT_NAME = "$(TARGET_NAME)";
				SWIFT_EMIT_LOC_STRINGS = NO;
				SWIFT_VERSION = 5.0;
				TARGETED_DEVICE_FAMILY = "1,2";
				TEST_TARGET_NAME = demofirstgitproj;
			};
			name = Release;
		};
/* End XCBuildConfiguration section */

/* Begin XCConfigurationList section */
		81B72C502BB68AB500077AAC /* Build configuration list for PBXProject "demofirstgitproj" */ = {
			isa = XCConfigurationList;
			buildConfigurations = (
				81B72C7D2BB68AB700077AAC /* Debug */,
				81B72C7E2BB68AB700077AAC /* Release */,
			);
			defaultConfigurationIsVisible = 0;
			defaultConfigurationName = Release;
		};
		81B72C7F2BB68AB700077AAC /* Build configuration list for PBXNativeTarget "demofirstgitproj" */ = {
			isa = XCConfigurationList;
			buildConfigurations = (
				81B72C802BB68AB700077AAC /* Debug */,
				81B72C812BB68AB700077AAC /* Release */,
			);
			defaultConfigurationIsVisible = 0;
			defaultConfigurationName = Release;
		};
		81B72C822BB68AB700077AAC /* Build configuration list for PBXNativeTarget "demofirstgitprojTests" */ = {
			isa = XCConfigurationList;
			buildConfigurations = (
				81B72C832BB68AB700077AAC /* Debug */,
				81B72C842BB68AB700077AAC /* Release */,
			);
			defaultConfigurationIsVisible = 0;
			defaultConfigurationName = Release;
		};
		81B72C852BB68AB700077AAC /* Build configuration list for PBXNativeTarget "demofirstgitprojUITests" */ = {
			isa = XCConfigurationList;
			buildConfigurations = (
				81B72C862BB68AB700077AAC /* Debug */,
				81B72C872BB68AB700077AAC /* Release */,
			);
			defaultConfigurationIsVisible = 0;
			defaultConfigurationName = Release;
		};
/* End XCConfigurationList section */
	};
	rootObject = 81B72C4D2BB68AB500077AAC /* Project object */;
}
